Microsoft Visual Studio Solution File, Format Version 12.00
# Visual Studio Version 17
VisualStudioVersion = 17.5.2.0
MinimumVisualStudioVersion = 10.0.40219.1
Project("{FAE04EC0-301F-11D3-BF4B-00C04F79EFBC}") = "Salus", "Salus\Salus.csproj", "{ADDFC057-5FF9-FFF2-BDFD-CB43996C8A23}"
EndProject
Global
	GlobalSection(SolutionConfigurationPlatforms) = preSolution
		Debug|Any CPU = Debug|Any CPU
		Release|Any CPU = Release|Any CPU
	EndGlobalSection
	GlobalSection(ProjectConfigurationPlatforms) = postSolution
		{ADDFC057-5FF9-FFF2-BDFD-CB43996C8A23}.Debug|Any CPU.ActiveCfg = Debug|Any CPU
		{ADDFC057-5FF9-FFF2-BDFD-CB43996C8A23}.Debug|Any CPU.Build.0 = Debug|Any CPU
		{ADDFC057-5FF9-FFF2-BDFD-CB43996C8A23}.Release|Any CPU.ActiveCfg = Release|Any CPU
		{ADDFC057-5FF9-FFF2-BDFD-CB43996C8A23}.Release|Any CPU.Build.0 = Release|Any CPU
	EndGlobalSection
	GlobalSection(SolutionProperties) = preSolution
		HideSolutionNode = FALSE
	EndGlobalSection
	GlobalSection(ExtensibilityGlobals) = postSolution
		SolutionGuid = {95228D65-21E1-4D27-8DB3-1150C5369D4C}
	EndGlobalSection
EndGlobal
